
Microsoft Visual Studio Solution File, Format Version 12.00
# Visual Studio 15
VisualStudioVersion = 15.0.28307.102
MinimumVisualStudioVersion = 10.0.40219.1
Project("{9A19103F-16F7-4668-BE54-9A1E7A4F7556}") = "Pupita.API", "Pupita\Pupita.API.csproj", "{134014F4-1A22-44C8-83B9-543723FE02B2}"
EndProject
Project("{9A19103F-16F7-4668-BE54-9A1E7A4F7556}") = "Pupita.Domain", "Pupita.Domain\Pupita.Domain.csproj", "{319B2443-7117-465B-959F-AE7A83C38A80}"
EndProject
Project("{9A19103F-16F7-4668-BE54-9A1E7A4F7556}") = "Pupita.Core", "Pupita.Core\Pupita.Core.csproj", "{E12875CF-171F-46BD-AD79-20E0DED1C6EE}"
	ProjectSection(ProjectDependencies) = postProject
		{319B2443-7117-465B-959F-AE7A83C38A80} = {319B2443-7117-465B-959F-AE7A83C38A80}
	EndProjectSection
EndProject
Global
	GlobalSection(SolutionConfigurationPlatforms) = preSolution
		Debug|Any CPU = Debug|Any CPU
		Release|Any CPU = Release|Any CPU
	EndGlobalSection
	GlobalSection(ProjectConfigurationPlatforms) = postSolution
		{134014F4-1A22-44C8-83B9-543723FE02B2}.Debug|Any CPU.ActiveCfg = Debug|Any CPU
		{134014F4-1A22-44C8-83B9-543723FE02B2}.Debug|Any CPU.Build.0 = Debug|Any CPU
		{134014F4-1A22-44C8-83B9-543723FE02B2}.Release|Any CPU.ActiveCfg = Release|Any CPU
		{134014F4-1A22-44C8-83B9-543723FE02B2}.Release|Any CPU.Build.0 = Release|Any CPU
		{319B2443-7117-465B-959F-AE7A83C38A80}.Debug|Any CPU.ActiveCfg = Debug|Any CPU
		{319B2443-7117-465B-959F-AE7A83C38A80}.Debug|Any CPU.Build.0 = Debug|Any CPU
		{319B2443-7117-465B-959F-AE7A83C38A80}.Release|Any CPU.ActiveCfg = Release|Any CPU
		{319B2443-7117-465B-959F-AE7A83C38A80}.Release|Any CPU.Build.0 = Release|Any CPU
		{E12875CF-171F-46BD-AD79-20E0DED1C6EE}.Debug|Any CPU.ActiveCfg = Debug|Any CPU
		{E12875CF-171F-46BD-AD79-20E0DED1C6EE}.Debug|Any CPU.Build.0 = Debug|Any CPU
		{E12875CF-171F-46BD-AD79-20E0DED1C6EE}.Release|Any CPU.ActiveCfg = Release|Any CPU
		{E12875CF-171F-46BD-AD79-20E0DED1C6EE}.Release|Any CPU.Build.0 = Release|Any CPU
	EndGlobalSection
	GlobalSection(SolutionProperties) = preSolution
		HideSolutionNode = FALSE
	EndGlobalSection
	GlobalSection(ExtensibilityGlobals) = postSolution
		SolutionGuid = {AEFBD67C-9B1F-42AF-8E64-0DD340180BE3}
	EndGlobalSection
EndGlobal
